
Microsoft Visual Studio Solution File, Format Version 12.00
# Visual Studio Version 16
VisualStudioVersion = 25.0.1700.0
MinimumVisualStudioVersion = 10.0.40219.1
Project("{FAE04EC0-301F-11D3-BF4B-00C04F79EFBC}") = "DirectoriesAndPiles", "DirectoriesAndPiles\DirectoriesAndPiles.csproj", "{08F9B3F8-FD4D-4963-8CAA-E19DC97F1CDE}"
EndProject
Project("{FAE04EC0-301F-11D3-BF4B-00C04F79EFBC}") = "WishList", "WishList\WishList.csproj", "{998777EE-B757-41DE-8AC0-7BA883AE08CA}"
EndProject
Project("{FAE04EC0-301F-11D3-BF4B-00C04F79EFBC}") = "MyWishListFile", "MyWishListFile\MyWishListFile.csproj", "{823A0B64-9677-4F09-8FD3-8B08EA2529A2}"
EndProject
Project("{FAE04EC0-301F-11D3-BF4B-00C04F79EFBC}") = "ShopingList", "ShopingList\ShopingList.csproj", "{C998E4B2-36B8-4879-8ABE-A3291C23C336}"
EndProject
Project("{FAE04EC0-301F-11D3-BF4B-00C04F79EFBC}") = "MyShopingFile", "MyShopingFile\MyShopingFile.csproj", "{C4A64E1B-91D5-4AA4-826E-1FC00B8A30BC}"
EndProject
Global
	GlobalSection(SolutionConfigurationPlatforms) = preSolution
		Debug|Any CPU = Debug|Any CPU
		Release|Any CPU = Release|Any CPU
	EndGlobalSection
	GlobalSection(ProjectConfigurationPlatforms) = postSolution
		{08F9B3F8-FD4D-4963-8CAA-E19DC97F1CDE}.Debug|Any CPU.ActiveCfg = Debug|Any CPU
		{08F9B3F8-FD4D-4963-8CAA-E19DC97F1CDE}.Debug|Any CPU.Build.0 = Debug|Any CPU
		{08F9B3F8-FD4D-4963-8CAA-E19DC97F1CDE}.Release|Any CPU.ActiveCfg = Release|Any CPU
		{08F9B3F8-FD4D-4963-8CAA-E19DC97F1CDE}.Release|Any CPU.Build.0 = Release|Any CPU
		{998777EE-B757-41DE-8AC0-7BA883AE08CA}.Debug|Any CPU.ActiveCfg = Debug|Any CPU
		{998777EE-B757-41DE-8AC0-7BA883AE08CA}.Debug|Any CPU.Build.0 = Debug|Any CPU
		{998777EE-B757-41DE-8AC0-7BA883AE08CA}.Release|Any CPU.ActiveCfg = Release|Any CPU
		{998777EE-B757-41DE-8AC0-7BA883AE08CA}.Release|Any CPU.Build.0 = Release|Any CPU
		{823A0B64-9677-4F09-8FD3-8B08EA2529A2}.Debug|Any CPU.ActiveCfg = Debug|Any CPU
		{823A0B64-9677-4F09-8FD3-8B08EA2529A2}.Debug|Any CPU.Build.0 = Debug|Any CPU
		{823A0B64-9677-4F09-8FD3-8B08EA2529A2}.Release|Any CPU.ActiveCfg = Release|Any CPU
		{823A0B64-9677-4F09-8FD3-8B08EA2529A2}.Release|Any CPU.Build.0 = Release|Any CPU
		{C998E4B2-36B8-4879-8ABE-A3291C23C336}.Debug|Any CPU.ActiveCfg = Debug|Any CPU
		{C998E4B2-36B8-4879-8ABE-A3291C23C336}.Debug|Any CPU.Build.0 = Debug|Any CPU
		{C998E4B2-36B8-4879-8ABE-A3291C23C336}.Release|Any CPU.ActiveCfg = Release|Any CPU
		{C998E4B2-36B8-4879-8ABE-A3291C23C336}.Release|Any CPU.Build.0 = Release|Any CPU
		{C4A64E1B-91D5-4AA4-826E-1FC00B8A30BC}.Debug|Any CPU.ActiveCfg = Debug|Any CPU
		{C4A64E1B-91D5-4AA4-826E-1FC00B8A30BC}.Debug|Any CPU.Build.0 = Debug|Any CPU
		{C4A64E1B-91D5-4AA4-826E-1FC00B8A30BC}.Release|Any CPU.ActiveCfg = Release|Any CPU
		{C4A64E1B-91D5-4AA4-826E-1FC00B8A30BC}.Release|Any CPU.Build.0 = Release|Any CPU
	EndGlobalSection
	GlobalSection(SolutionProperties) = preSolution
		HideSolutionNode = FALSE
	EndGlobalSection
	GlobalSection(ExtensibilityGlobals) = postSolution
		SolutionGuid = {A456903E-A199-4E9A-B624-BD28454BAD85}
	EndGlobalSection
EndGlobal
